# THIS IS AN AUTOGENERATED FILE. DO NOT EDIT THIS FILE DIRECTLY.
# yarn lockfile v1


"@rdfjs/data-model@^1.1.0":
  version "1.1.0"
  resolved "https://registry.yarnpkg.com/@rdfjs/data-model/-/data-model-1.1.0.tgz#15d9c5b7b8166893696565aefb65bad95da3fd99"

rdf-data-model@^1.0.0:
  version "1.0.0"
  resolved "https://registry.yarnpkg.com/rdf-data-model/-/rdf-data-model-1.0.0.tgz#e768e1c2cd904c186471b20d1a4fce77c7712a4b"

rdf-string@1.0.0:
  version "1.0.0"
  resolved "https://registry.yarnpkg.com/rdf-string/-/rdf-string-1.0.0.tgz#97753a833013a3407ac1ec77c8b869c743956170"
  dependencies:
    rdf-data-model "^1.0.0"
